
Microsoft Visual Studio Solution File, Format Version 12.00
# Visual Studio 14
VisualStudioVersion = 14.0.25420.1
MinimumVisualStudioVersion = 10.0.40219.1
Project("{2150E333-8FDC-42A3-9474-1A3956D46DE8}") = "src", "src", "{84B1F178-A2EC-4349-A23F-85BE79C8BFF7}"
EndProject
Project("{2150E333-8FDC-42A3-9474-1A3956D46DE8}") = "test", "test", "{6077C186-FD83-483E-9A35-E59E341764D2}"
EndProject
Project("{FAE04EC0-301F-11D3-BF4B-00C04F79EFBC}") = "Sitemapify", "src\Sitemapify\Sitemapify.csproj", "{16ED145C-CD29-4063-95C0-BD7C46D86D18}"
EndProject
Project("{FAE04EC0-301F-11D3-BF4B-00C04F79EFBC}") = "Sitemapify.Tests", "test\Sitemapify.Tests\Sitemapify.Tests.csproj", "{D5C04526-1AE5-46E5-B7EA-D7344A4C6D77}"
EndProject
Project("{2150E333-8FDC-42A3-9474-1A3956D46DE8}") = "sample", "sample", "{F9DFA62C-7451-4648-BF0D-23C8E821D9E2}"
EndProject
Project("{FAE04EC0-301F-11D3-BF4B-00C04F79EFBC}") = "SitemapifySample", "sample\SitemapifySample\SitemapifySample.csproj", "{4E4129F4-0FEB-4A66-8DEC-3E80D5764F80}"
EndProject
Project("{FAE04EC0-301F-11D3-BF4B-00C04F79EFBC}") = "Sitemapify.Umbraco", "src\Sitemapify.Umbraco\Sitemapify.Umbraco.csproj", "{1BC1FBB9-9E9E-417B-8BDC-A519FE7D4296}"
EndProject
Project("{FAE04EC0-301F-11D3-BF4B-00C04F79EFBC}") = "SitemapifyUmbracoSample", "sample\SitemapifyUmbracoSample\SitemapifyUmbracoSample.csproj", "{B9A91429-FB57-4568-8D88-804A9E00BAEA}"
EndProject
Project("{FAE04EC0-301F-11D3-BF4B-00C04F79EFBC}") = "Sitemapify.CastleWindsor", "src\Sitemapify.CastleWindsor\Sitemapify.CastleWindsor.csproj", "{D8A6AE48-A51D-4CF4-BCD1-47036A7443D4}"
EndProject
Project("{2150E333-8FDC-42A3-9474-1A3956D46DE8}") = "Solution Items", "Solution Items", "{0D96622F-D175-48DC-B230-675BFA77A987}"
	ProjectSection(SolutionItems) = preProject
		cake.config = cake.config
	EndProjectSection
EndProject
Global
	GlobalSection(SolutionConfigurationPlatforms) = preSolution
		Debug|Any CPU = Debug|Any CPU
		Release|Any CPU = Release|Any CPU
	EndGlobalSection
	GlobalSection(ProjectConfigurationPlatforms) = postSolution
		{16ED145C-CD29-4063-95C0-BD7C46D86D18}.Debug|Any CPU.ActiveCfg = Debug|Any CPU
		{16ED145C-CD29-4063-95C0-BD7C46D86D18}.Debug|Any CPU.Build.0 = Debug|Any CPU
		{16ED145C-CD29-4063-95C0-BD7C46D86D18}.Release|Any CPU.ActiveCfg = Release|Any CPU
		{16ED145C-CD29-4063-95C0-BD7C46D86D18}.Release|Any CPU.Build.0 = Release|Any CPU
		{D5C04526-1AE5-46E5-B7EA-D7344A4C6D77}.Debug|Any CPU.ActiveCfg = Debug|Any CPU
		{D5C04526-1AE5-46E5-B7EA-D7344A4C6D77}.Debug|Any CPU.Build.0 = Debug|Any CPU
		{D5C04526-1AE5-46E5-B7EA-D7344A4C6D77}.Release|Any CPU.ActiveCfg = Release|Any CPU
		{D5C04526-1AE5-46E5-B7EA-D7344A4C6D77}.Release|Any CPU.Build.0 = Release|Any CPU
		{4E4129F4-0FEB-4A66-8DEC-3E80D5764F80}.Debug|Any CPU.ActiveCfg = Debug|Any CPU
		{4E4129F4-0FEB-4A66-8DEC-3E80D5764F80}.Debug|Any CPU.Build.0 = Debug|Any CPU
		{4E4129F4-0FEB-4A66-8DEC-3E80D5764F80}.Release|Any CPU.ActiveCfg = Release|Any CPU
		{4E4129F4-0FEB-4A66-8DEC-3E80D5764F80}.Release|Any CPU.Build.0 = Release|Any CPU
		{1BC1FBB9-9E9E-417B-8BDC-A519FE7D4296}.Debug|Any CPU.ActiveCfg = Debug|Any CPU
		{1BC1FBB9-9E9E-417B-8BDC-A519FE7D4296}.Debug|Any CPU.Build.0 = Debug|Any CPU
		{1BC1FBB9-9E9E-417B-8BDC-A519FE7D4296}.Release|Any CPU.ActiveCfg = Release|Any CPU
		{1BC1FBB9-9E9E-417B-8BDC-A519FE7D4296}.Release|Any CPU.Build.0 = Release|Any CPU
		{B9A91429-FB57-4568-8D88-804A9E00BAEA}.Debug|Any CPU.ActiveCfg = Debug|Any CPU
		{B9A91429-FB57-4568-8D88-804A9E00BAEA}.Debug|Any CPU.Build.0 = Debug|Any CPU
		{B9A91429-FB57-4568-8D88-804A9E00BAEA}.Release|Any CPU.ActiveCfg = Release|Any CPU
		{B9A91429-FB57-4568-8D88-804A9E00BAEA}.Release|Any CPU.Build.0 = Release|Any CPU
		{D8A6AE48-A51D-4CF4-BCD1-47036A7443D4}.Debug|Any CPU.ActiveCfg = Debug|Any CPU
		{D8A6AE48-A51D-4CF4-BCD1-47036A7443D4}.Debug|Any CPU.Build.0 = Debug|Any CPU
		{D8A6AE48-A51D-4CF4-BCD1-47036A7443D4}.Release|Any CPU.ActiveCfg = Release|Any CPU
		{D8A6AE48-A51D-4CF4-BCD1-47036A7443D4}.Release|Any CPU.Build.0 = Release|Any CPU
	EndGlobalSection
	GlobalSection(SolutionProperties) = preSolution
		HideSolutionNode = FALSE
	EndGlobalSection
	GlobalSection(NestedProjects) = preSolution
		{16ED145C-CD29-4063-95C0-BD7C46D86D18} = {84B1F178-A2EC-4349-A23F-85BE79C8BFF7}
		{D5C04526-1AE5-46E5-B7EA-D7344A4C6D77} = {6077C186-FD83-483E-9A35-E59E341764D2}
		{4E4129F4-0FEB-4A66-8DEC-3E80D5764F80} = {F9DFA62C-7451-4648-BF0D-23C8E821D9E2}
		{1BC1FBB9-9E9E-417B-8BDC-A519FE7D4296} = {84B1F178-A2EC-4349-A23F-85BE79C8BFF7}
		{B9A91429-FB57-4568-8D88-804A9E00BAEA} = {F9DFA62C-7451-4648-BF0D-23C8E821D9E2}
		{D8A6AE48-A51D-4CF4-BCD1-47036A7443D4} = {84B1F178-A2EC-4349-A23F-85BE79C8BFF7}
	EndGlobalSection
EndGlobal
